{
  "version": 1,
  "dependencies": {
    "net10.0-windows7.0": {
      "Microsoft.NET.ILLink.Tasks": {
        "type": "Direct",
        "requested": "[10.0.11, )",
        "resolved": "10.0.11",
        "contentHash": "IBf7lbovvjGWVWXZX5cJ/cO0WXbId0Zq4BuSeT94mGZuOAP66oMeH9PTBZ9Jpp3Jb6jtK0qm/NyUbPRo1gC/wQ=="
      },
      "NvAPIWrapper.Net": {
        "type": "Direct",
        "requested": "[0.8.1.101, )",
        "resolved": "0.8.1.101",
        "contentHash": "qX+5EQ32tCTqBkX/9BNfx7w4HPi18s3XhMubjbxSjPhYQ6pXWL+HGnaZEmGvFlOxvsQN+/6eV3x5bRo1CDY/mQ=="
      },
      "Roslynator.Analyzers": {
        "type": "Direct",
        "requested": "[4.12.9, )",
        "resolved": "4.12.9",
        "contentHash": "X6lDpN/D5wuinq37KIx+l3GSUe9No+8bCjGBTI5sEEtxapLztkHg6gzNVhMXpXw8P+/5gFYxTXJ5Pf8O4iNz/w=="
      },
      "StyleCop.Analyzers": {
        "type": "Direct",
        "requested": "[1.1.118, )",
        "resolved": "1.1.118",
        "contentHash": "Onx6ovGSqXSK07n/0eM3ZusiNdB6cIlJdabQhWGgJp3Vooy9AaLS/tigeybOJAobqbtggTamoWndz72JscZBvw=="
      }
    },
    "net10.0-windows7.0/win-x64": {}
  }
}